<?xml version="1.0" encoding="utf-8"?>
<Project ToolsVersion="4.0" xmlns="http://schemas.microsoft.com/developer/msbuild/2003">
  <ItemGroup>
    <Filter Include="Source Files">
      <UniqueIdentifier>{4FC737F1-C7A5-4376-A066-2A32D752A2FF}</UniqueIdentifier>
      <Extensions>cpp;c;cc;cxx;def;odl;idl;hpj;bat;asm;asmx</Extensions>
    </Filter>
    <Filter Include="Header Files">
      <UniqueIdentifier>{93995380-89BD-4b04-88EB-625FBE52EBFB}</UniqueIdentifier>
      <Extensions>h;hh;hpp;hxx;hm;inl;inc;xsd</Extensions>
    </Filter>
    <Filter Include="Resource Files">
      <UniqueIdentifier>{67DA6AB6-F800-4c08-8B7A-83BB121AAD01}</UniqueIdentifier>
      <Extensions>rc;ico;cur;bmp;dlg;rc2;rct;bin;rgs;gif;jpg;jpeg;jpe;resx;tiff;tif;png;wav</Extensions>
    </Filter>
  </ItemGroup>
  <ItemGroup>
    <ClCompile Include="examples\cli_demo.cpp">
      <Filter>Source Files</Filter>
    </ClCompile>
    <ClCompile Include="src\algorithms\BubbleSort.cpp">
      <Filter>Source Files</Filter>
    </ClCompile>
    <ClCompile Include="src\algorithms\InsertionSort.cpp">
      <Filter>Source Files</Filter>
    </ClCompile>
    <ClCompile Include="src\algorithms\MergeSort.cpp">
      <Filter>Source Files</Filter>
    </ClCompile>
    <ClCompile Include="src\algorithms\QuickSort.cpp">
      <Filter>Source Files</Filter>
    </ClCompile>
    <ClCompile Include="src\algorithms\SelectionSort.cpp">
      <Filter>Source Files</Filter>
    </ClCompile>
    <ClCompile Include="src\algorithms\ShellSort.cpp">
      <Filter>Source Files</Filter>
    </ClCompile>
    <ClCompile Include="src\benchmark\BenchmarkRunner.cpp">
      <Filter>Source Files</Filter>
    </ClCompile>
    <ClCompile Include="src\data\DataGenerator.cpp">
      <Filter>Source Files</Filter>
    </ClCompile>
    <ClCompile Include="src\data\DataReader.cpp">
      <Filter>Source Files</Filter>
    </ClCompile>
    <ClCompile Include="src\data\DataWriter.cpp">
      <Filter>Source Files</Filter>
    </ClCompile>
    <ClCompile Include="src\postprocess\ReportWriter.cpp">
      <Filter>Source Files</Filter>
    </ClCompile>
    <ClCompile Include="src\postprocess\ResultRanker.cpp">
      <Filter>Source Files</Filter>
    </ClCompile>
    <ClCompile Include="src\postprocess\TrainingExport.cpp">
      <Filter>Source Files</Filter>
    </ClCompile>
  </ItemGroup>
  <ItemGroup>
    <ClInclude Include="include\sorting_benchmark.hpp">
      <Filter>Header Files</Filter>
    </ClInclude>
    <ClInclude Include="src\algorithms\BubbleSort.h">
      <Filter>Header Files</Filter>
    </ClInclude>
    <ClInclude Include="src\algorithms\InsertionSort.h">
      <Filter>Header Files</Filter>
    </ClInclude>
    <ClInclude Include="src\algorithms\MergeSort.h">
      <Filter>Header Files</Filter>
    </ClInclude>
    <ClInclude Include="src\algorithms\QuickSort.h">
      <Filter>Header Files</Filter>
    </ClInclude>
    <ClInclude Include="src\algorithms\SelectionSort.h">
      <Filter>Header Files</Filter>
    </ClInclude>
    <ClInclude Include="src\algorithms\ShellSort.h">
      <Filter>Header Files</Filter>
    </ClInclude>
    <ClInclude Include="src\benchmark\BenchmarkConfig.h">
      <Filter>Header Files</Filter>
    </ClInclude>
    <ClInclude Include="src\benchmark\BenchmarkDatasetResult.h">
      <Filter>Header Files</Filter>
    </ClInclude>
    <ClInclude Include="src\benchmark\BenchmarkResult.h">
      <Filter>Header Files</Filter>
    </ClInclude>
    <ClInclude Include="src\benchmark\BenchmarkRunner.h">
      <Filter>Header Files</Filter>
    </ClInclude>
    <ClInclude Include="src\benchmark\SortStats.h">
      <Filter>Header Files</Filter>
    </ClInclude>
    <ClInclude Include="src\contract\Sorter.h">
      <Filter>Header Files</Filter>
    </ClInclude>
    <ClInclude Include="src\data\DataGenerator.h">
      <Filter>Header Files</Filter>
    </ClInclude>
    <ClInclude Include="src\data\DataReader.h">
      <Filter>Header Files</Filter>
    </ClInclude>
    <ClInclude Include="src\data\Dataset.h">
      <Filter>Header Files</Filter>
    </ClInclude>
    <ClInclude Include="src\data\DataWriter.h">
      <Filter>Header Files</Filter>
    </ClInclude>
    <ClInclude Include="src\postprocess\ReportWriter.h">
      <Filter>Header Files</Filter>
    </ClInclude>
    <ClInclude Include="src\postprocess\ResultRanker.h">
      <Filter>Header Files</Filter>
    </ClInclude>
    <ClInclude Include="src\postprocess\TrainingExport.h">
      <Filter>Header Files</Filter>
    </ClInclude>
    <ClInclude Include="src\trace\TraceArray.h">
      <Filter>Header Files</Filter>
    </ClInclude>
  </ItemGroup>
</Project>
